
Microsoft Visual Studio Solution File, Format Version 12.00
# Visual Studio Version 16
VisualStudioVersion = 16.0.29215.179
MinimumVisualStudioVersion = 10.0.40219.1
Project("{FAE04EC0-301F-11D3-BF4B-00C04F79EFBC}") = "CarRentalApp", "CarRentalApp\CarRentalApp.csproj", "{97C5FA4E-E7E4-425C-8C06-EC17CE959543}"
EndProject
Global
	GlobalSection(SolutionConfigurationPlatforms) = preSolution
		Debug|Any CPU = Debug|Any CPU
		Release|Any CPU = Release|Any CPU
	EndGlobalSection
	GlobalSection(ProjectConfigurationPlatforms) = postSolution
		{97C5FA4E-E7E4-425C-8C06-EC17CE959543}.Debug|Any CPU.ActiveCfg = Debug|Any CPU
		{97C5FA4E-E7E4-425C-8C06-EC17CE959543}.Debug|Any CPU.Build.0 = Debug|Any CPU
		{97C5FA4E-E7E4-425C-8C06-EC17CE959543}.Release|Any CPU.ActiveCfg = Release|Any CPU
		{97C5FA4E-E7E4-425C-8C06-EC17CE959543}.Release|Any CPU.Build.0 = Release|Any CPU
	EndGlobalSection
	GlobalSection(SolutionProperties) = preSolution
		HideSolutionNode = FALSE
	EndGlobalSection
	GlobalSection(ExtensibilityGlobals) = postSolution
		SolutionGuid = {7948146F-204C-4965-95E6-8D3ECC08A944}
	EndGlobalSection
EndGlobal
